
Microsoft Visual Studio Solution File, Format Version 12.00
# Visual Studio Version 17
VisualStudioVersion = 17.9.34723.18
MinimumVisualStudioVersion = 10.0.40219.1
Project("{9A19103F-16F7-4668-BE54-9A1E7A4F7556}") = "StalkerPack", "StalkerPack.csproj", "{1C899769-133F-494D-A460-1F97817C0D25}"
EndProject
Global
	GlobalSection(SolutionConfigurationPlatforms) = preSolution
		Debug|Any CPU = Debug|Any CPU
		Release|Any CPU = Release|Any CPU
	EndGlobalSection
	GlobalSection(ProjectConfigurationPlatforms) = postSolution
		{1C899769-133F-494D-A460-1F97817C0D25}.Debug|Any CPU.ActiveCfg = Debug|Any CPU
		{1C899769-133F-494D-A460-1F97817C0D25}.Debug|Any CPU.Build.0 = Debug|Any CPU
		{1C899769-133F-494D-A460-1F97817C0D25}.Release|Any CPU.ActiveCfg = Release|Any CPU
		{1C899769-133F-494D-A460-1F97817C0D25}.Release|Any CPU.Build.0 = Release|Any CPU
	EndGlobalSection
	GlobalSection(SolutionProperties) = preSolution
		HideSolutionNode = FALSE
	EndGlobalSection
	GlobalSection(ExtensibilityGlobals) = postSolution
		SolutionGuid = {8294B497-E608-4148-A323-E69F4FCD1D49}
	EndGlobalSection
EndGlobal
